
Microsoft Visual Studio Solution File, Format Version 12.00
# Visual Studio 15
VisualStudioVersion = 15.0.27004.2002
MinimumVisualStudioVersion = 10.0.40219.1
Project("{FAE04EC0-301F-11D3-BF4B-00C04F79EFBC}") = "CliClient", "CliClient\CliClient.csproj", "{8520BB5A-99F3-4058-9CFA-7FA06CB4C291}"
EndProject
Project("{FAE04EC0-301F-11D3-BF4B-00C04F79EFBC}") = "WebApi", "WebApi\WebApi.csproj", "{E90DBD69-7BD7-4283-AD80-6A56B7DD03EE}"
EndProject
Global
	GlobalSection(SolutionConfigurationPlatforms) = preSolution
		Debug|Any CPU = Debug|Any CPU
		Release|Any CPU = Release|Any CPU
	EndGlobalSection
	GlobalSection(ProjectConfigurationPlatforms) = postSolution
		{8520BB5A-99F3-4058-9CFA-7FA06CB4C291}.Debug|Any CPU.ActiveCfg = Debug|Any CPU
		{8520BB5A-99F3-4058-9CFA-7FA06CB4C291}.Debug|Any CPU.Build.0 = Debug|Any CPU
		{8520BB5A-99F3-4058-9CFA-7FA06CB4C291}.Release|Any CPU.ActiveCfg = Release|Any CPU
		{8520BB5A-99F3-4058-9CFA-7FA06CB4C291}.Release|Any CPU.Build.0 = Release|Any CPU
		{E90DBD69-7BD7-4283-AD80-6A56B7DD03EE}.Debug|Any CPU.ActiveCfg = Debug|Any CPU
		{E90DBD69-7BD7-4283-AD80-6A56B7DD03EE}.Debug|Any CPU.Build.0 = Debug|Any CPU
		{E90DBD69-7BD7-4283-AD80-6A56B7DD03EE}.Release|Any CPU.ActiveCfg = Release|Any CPU
		{E90DBD69-7BD7-4283-AD80-6A56B7DD03EE}.Release|Any CPU.Build.0 = Release|Any CPU
	EndGlobalSection
	GlobalSection(SolutionProperties) = preSolution
		HideSolutionNode = FALSE
	EndGlobalSection
	GlobalSection(ExtensibilityGlobals) = postSolution
		SolutionGuid = {CE116AAC-323B-4D3B-B4E7-02B96A551DE2}
	EndGlobalSection
EndGlobal
